
Microsoft Visual Studio Solution File, Format Version 12.00
# Visual Studio Version 17
VisualStudioVersion = 17.5.33414.496
MinimumVisualStudioVersion = 10.0.40219.1
Project("{FAE04EC0-301F-11D3-BF4B-00C04F79EFBC}") = "ServiceLifeTimes", "ServiceLifeTimes\ServiceLifeTimes.csproj", "{377F55E4-7388-47C0-B57A-19E0FCFE1550}"
EndProject
Global
	GlobalSection(SolutionConfigurationPlatforms) = preSolution
		Debug|Any CPU = Debug|Any CPU
		Release|Any CPU = Release|Any CPU
	EndGlobalSection
	GlobalSection(ProjectConfigurationPlatforms) = postSolution
		{377F55E4-7388-47C0-B57A-19E0FCFE1550}.Debug|Any CPU.ActiveCfg = Debug|Any CPU
		{377F55E4-7388-47C0-B57A-19E0FCFE1550}.Debug|Any CPU.Build.0 = Debug|Any CPU
		{377F55E4-7388-47C0-B57A-19E0FCFE1550}.Release|Any CPU.ActiveCfg = Release|Any CPU
		{377F55E4-7388-47C0-B57A-19E0FCFE1550}.Release|Any CPU.Build.0 = Release|Any CPU
	EndGlobalSection
	GlobalSection(SolutionProperties) = preSolution
		HideSolutionNode = FALSE
	EndGlobalSection
	GlobalSection(ExtensibilityGlobals) = postSolution
		SolutionGuid = {791DEE07-1B7E-40F4-852F-AA0C8C53143F}
	EndGlobalSection
EndGlobal
